{
	"name": "@whee/js-picker",
	"version": "0.1.0",
	"lockfileVersion": 1,
	"requires": true,
	"dependencies": {
		"@whee/js-motion": {
			"version": "2.0.0",
			"resolved": "https://registry.npmjs.org/@whee/js-motion/-/js-motion-2.0.0.tgz",
			"integrity": "sha512-fbXVifG7vvydE7qzAHAcMLG8Dzjq1NI6gzqVgaRrj4ZAqiogOEpA+jKoNOJhILCyYRC8lRA5kbyo3/9KseYJOA=="
		}
	}
}
